
Microsoft Visual Studio Solution File, Format Version 12.00
# Visual Studio Version 17
VisualStudioVersion = 17.5.33530.505
MinimumVisualStudioVersion = 10.0.40219.1
Project("{FAE04EC0-301F-11D3-BF4B-00C04F79EFBC}") = "FlatSerializer", "FlatSerializer\FlatSerializer.csproj", "{DE4A8F62-5122-4BE1-9F77-A4EFA687750B}"
EndProject
Global
	GlobalSection(SolutionConfigurationPlatforms) = preSolution
		Debug|Any CPU = Debug|Any CPU
		Release|Any CPU = Release|Any CPU
	EndGlobalSection
	GlobalSection(ProjectConfigurationPlatforms) = postSolution
		{DE4A8F62-5122-4BE1-9F77-A4EFA687750B}.Debug|Any CPU.ActiveCfg = Debug|Any CPU
		{DE4A8F62-5122-4BE1-9F77-A4EFA687750B}.Debug|Any CPU.Build.0 = Debug|Any CPU
		{DE4A8F62-5122-4BE1-9F77-A4EFA687750B}.Release|Any CPU.ActiveCfg = Release|Any CPU
		{DE4A8F62-5122-4BE1-9F77-A4EFA687750B}.Release|Any CPU.Build.0 = Release|Any CPU
	EndGlobalSection
	GlobalSection(SolutionProperties) = preSolution
		HideSolutionNode = FALSE
	EndGlobalSection
	GlobalSection(ExtensibilityGlobals) = postSolution
		SolutionGuid = {0E7D3E92-4A09-44C3-8FAF-2AC25018B799}
	EndGlobalSection
EndGlobal
